
Microsoft Visual Studio Solution File, Format Version 12.00
# Visual Studio 14
VisualStudioVersion = 14.0.23107.0
MinimumVisualStudioVersion = 10.0.40219.1
Project("{FAE04EC0-301F-11D3-BF4B-00C04F79EFBC}") = "MicroBit.Loader", "Microbit.Flasher\MicroBit.Loader.csproj", "{C7D60660-4E86-42A7-8ABD-A5DB169CC1E7}"
EndProject
Global
	GlobalSection(SolutionConfigurationPlatforms) = preSolution
		Debug|Any CPU = Debug|Any CPU
		Release|Any CPU = Release|Any CPU
	EndGlobalSection
	GlobalSection(ProjectConfigurationPlatforms) = postSolution
		{C7D60660-4E86-42A7-8ABD-A5DB169CC1E7}.Debug|Any CPU.ActiveCfg = Debug|Any CPU
		{C7D60660-4E86-42A7-8ABD-A5DB169CC1E7}.Debug|Any CPU.Build.0 = Debug|Any CPU
		{C7D60660-4E86-42A7-8ABD-A5DB169CC1E7}.Release|Any CPU.ActiveCfg = Release|Any CPU
		{C7D60660-4E86-42A7-8ABD-A5DB169CC1E7}.Release|Any CPU.Build.0 = Release|Any CPU
	EndGlobalSection
	GlobalSection(SolutionProperties) = preSolution
		HideSolutionNode = FALSE
	EndGlobalSection
EndGlobal
